// !$*UTF8*$!
{
	archiveVersion = 1;
	classes = {
	};
	objectVersion = 51;
	objects = {

/* Begin PBXBuildFile section */
		B59E56296F7FC069DB228DF5 /* Pods_Klotho.framework in Frameworks */ = {isa = PBXBuildFile; fileRef = 78E91A56DC1078D0E70EC8FA /* Pods_Klotho.framework */; };
		D54D8AE423DCB65700DD386E /* InicioDeSesionVC.swift in Sources */ = {isa = PBXBuildFile; fileRef = D54D8AE323DCB65700DD386E /* InicioDeSesionVC.swift */; };
		D54D8AE623DE3E5A00DD386E /* InicioExitosoVC.swift in Sources */ = {isa = PBXBuildFile; fileRef = D54D8AE523DE3E5A00DD386E /* InicioExitosoVC.swift */; };
		D59106B223D2911D00B21604 /* AppDelegate.swift in Sources */ = {isa = PBXBuildFile; fileRef = D59106B123D2911D00B21604 /* AppDelegate.swift */; };
		D59106B423D2911D00B21604 /* SceneDelegate.swift in Sources */ = {isa = PBXBuildFile; fileRef = D59106B323D2911D00B21604 /* SceneDelegate.swift */; };
		D59106BE23D2913400B21604 /* LaunchScreen.storyboard in Resources */ = {isa = PBXBuildFile; fileRef = D59106BC23D2913400B21604 /* LaunchScreen.storyboard */; };
		D59106CB23D29F1E00B21604 /* BotonP.swift in Sources */ = {isa = PBXBuildFile; fileRef = D59106C623D29F1E00B21604 /* BotonP.swift */; };
		D59106CC23D29F1E00B21604 /* SplitViewController.swift in Sources */ = {isa = PBXBuildFile; fileRef = D59106C723D29F1E00B21604 /* SplitViewController.swift */; };
		D59106CD23D29F1E00B21604 /* alertaP.swift in Sources */ = {isa = PBXBuildFile; fileRef = D59106C823D29F1E00B21604 /* alertaP.swift */; };
		D59106CE23D29F1E00B21604 /* BotonPregunta.swift in Sources */ = {isa = PBXBuildFile; fileRef = D59106C923D29F1E00B21604 /* BotonPregunta.swift */; };
		D59106CF23D29F1E00B21604 /* Reproductor.swift in Sources */ = {isa = PBXBuildFile; fileRef = D59106CA23D29F1E00B21604 /* Reproductor.swift */; };
		D59106D123D29F5F00B21604 /* GlobalVariables.swift in Sources */ = {isa = PBXBuildFile; fileRef = D59106D023D29F5F00B21604 /* GlobalVariables.swift */; };
		D59106DB23D29F6D00B21604 /* numeroDeGrabaciones.swift in Sources */ = {isa = PBXBuildFile; fileRef = D59106D323D29F6D00B21604 /* numeroDeGrabaciones.swift */; };
		D59106DC23D29F6D00B21604 /* NotaDeVoz.swift in Sources */ = {isa = PBXBuildFile; fileRef = D59106D423D29F6D00B21604 /* NotaDeVoz.swift */; };
		D59106DD23D29F6D00B21604 /* Musica.swift in Sources */ = {isa = PBXBuildFile; fileRef = D59106D523D29F6D00B21604 /* Musica.swift */; };
		D59106DE23D29F6D00B21604 /* Pregunta.swift in Sources */ = {isa = PBXBuildFile; fileRef = D59106D623D29F6D00B21604 /* Pregunta.swift */; };
		D59106DF23D29F6D00B21604 /* PreguntaVerdaderoFalso.swift in Sources */ = {isa = PBXBuildFile; fileRef = D59106D723D29F6D00B21604 /* PreguntaVerdaderoFalso.swift */; };
		D59106E023D29F6D00B21604 /* Materia.swift in Sources */ = {isa = PBXBuildFile; fileRef = D59106D823D29F6D00B21604 /* Materia.swift */; };
		D59106E123D29F6D00B21604 /* Nota.swift in Sources */ = {isa = PBXBuildFile; fileRef = D59106D923D29F6D00B21604 /* Nota.swift */; };
		D59106E223D29F6D00B21604 /* cuestionario.swift in Sources */ = {isa = PBXBuildFile; fileRef = D59106DA23D29F6D00B21604 /* cuestionario.swift */; };
		D59106F823D29F7400B21604 /* cuestionarioVC.swift in Sources */ = {isa = PBXBuildFile; fileRef = D59106E523D29F7400B21604 /* cuestionarioVC.swift */; };
		D59106F923D29F7400B21604 /* SeleccionarTipoPreguntaVC.swift in Sources */ = {isa = PBXBuildFile; fileRef = D59106E623D29F7400B21604 /* SeleccionarTipoPreguntaVC.swift */; };
		D59106FA23D29F7400B21604 /* DetallePreguntaVC.swift in Sources */ = {isa = PBXBuildFile; fileRef = D59106E723D29F7400B21604 /* DetallePreguntaVC.swift */; };
		D59106FC23D29F7400B21604 /* PreguntasCuestionarioTVC.swift in Sources */ = {isa = PBXBuildFile; fileRef = D59106E923D29F7400B21604 /* PreguntasCuestionarioTVC.swift */; };
		D59106FD23D29F7400B21604 /* pruebaTableViewController.swift in Sources */ = {isa = PBXBuildFile; fileRef = D59106EA23D29F7400B21604 /* pruebaTableViewController.swift */; };
		D59106FE23D29F7400B21604 /* CrearPreguntaVC.swift in Sources */ = {isa = PBXBuildFile; fileRef = D59106EB23D29F7400B21604 /* CrearPreguntaVC.swift */; };
		D59106FF23D29F7400B21604 /* CrearPreguntaVFVC.swift in Sources */ = {isa = PBXBuildFile; fileRef = D59106EC23D29F7400B21604 /* CrearPreguntaVFVC.swift */; };
		D591070023D29F7400B21604 /* InicioVC.swift in Sources */ = {isa = PBXBuildFile; fileRef = D59106ED23D29F7400B21604 /* InicioVC.swift */; };
		D591070123D29F7400B21604 /* NotasTVC.swift in Sources */ = {isa = PBXBuildFile; fileRef = D59106EF23D29F7400B21604 /* NotasTVC.swift */; };
		D591070223D29F7400B21604 /* CalendarioVC.swift in Sources */ = {isa = PBXBuildFile; fileRef = D59106F023D29F7400B21604 /* CalendarioVC.swift */; };
		D591070323D29F7400B21604 /* CrearYEditarNotasYMateriasVC.swift in Sources */ = {isa = PBXBuildFile; fileRef = D59106F123D29F7400B21604 /* CrearYEditarNotasYMateriasVC.swift */; };
		D591070423D29F7400B21604 /* DetallesNotaVC.swift in Sources */ = {isa = PBXBuildFile; fileRef = D59106F223D29F7400B21604 /* DetallesNotaVC.swift */; };
		D591070523D29F7400B21604 /* MateriasCalendarioTVC.swift in Sources */ = {isa = PBXBuildFile; fileRef = D59106F323D29F7400B21604 /* MateriasCalendarioTVC.swift */; };
		D591070723D29F7400B21604 /* MateriasTVC.swift in Sources */ = {isa = PBXBuildFile; fileRef = D59106F523D29F7400B21604 /* MateriasTVC.swift */; };
		D591070823D29F7400B21604 /* DetailedActivityViewController.swift in Sources */ = {isa = PBXBuildFile; fileRef = D59106F623D29F7400B21604 /* DetailedActivityViewController.swift */; };
		D591070923D29F7400B21604 /* AjustesVC.swift in Sources */ = {isa = PBXBuildFile; fileRef = D59106F723D29F7400B21604 /* AjustesVC.swift */; };
		D591073723D2A08400B21604 /* ovacion.mp3 in Resources */ = {isa = PBXBuildFile; fileRef = D591073223D2A08400B21604 /* ovacion.mp3 */; };
		D591073823D2A08400B21604 /* Vivaldi.mp3 in Resources */ = {isa = PBXBuildFile; fileRef = D591073323D2A08400B21604 /* Vivaldi.mp3 */; };
		D591073923D2A08400B21604 /* Johann Bach.mp3 in Resources */ = {isa = PBXBuildFile; fileRef = D591073423D2A08400B21604 /* Johann Bach.mp3 */; };
		D591073A23D2A08400B21604 /* Beethoven.mp3 in Resources */ = {isa = PBXBuildFile; fileRef = D591073523D2A08400B21604 /* Beethoven.mp3 */; };
		D591073B23D2A08400B21604 /* Mozart.mp3 in Resources */ = {isa = PBXBuildFile; fileRef = D591073623D2A08400B21604 /* Mozart.mp3 */; };
		D591073F23D2A0CA00B21604 /* ActivityTableViewCell.swift in Sources */ = {isa = PBXBuildFile; fileRef = D591073D23D2A0CA00B21604 /* ActivityTableViewCell.swift */; };
		D591074023D2A0CA00B21604 /* ProjectTableViewCell.swift in Sources */ = {isa = PBXBuildFile; fileRef = D591073E23D2A0CA00B21604 /* ProjectTableViewCell.swift */; };
		D591074223D2A15600B21604 /* Main.storyboard in Resources */ = {isa = PBXBuildFile; fileRef = D591074123D2A15600B21604 /* Main.storyboard */; };
		D591074423D2A34700B21604 /* Assets.xcassets in Resources */ = {isa = PBXBuildFile; fileRef = D591074323D2A34700B21604 /* Assets.xcassets */; };
		D5B2E32523D2B7E500A939D8 /* GoogleService-Info.plist in Resources */ = {isa = PBXBuildFile; fileRef = D5B2E32423D2B7E400A939D8 /* GoogleService-Info.plist */; };
		F8167ECF23E1188500CB31A6 /* MateriasCuestionarioTVC.swift in Sources */ = {isa = PBXBuildFile; fileRef = F8167ECE23E1188500CB31A6 /* MateriasCuestionarioTVC.swift */; };
/* End PBXBuildFile section */

/* Begin PBXFileReference section */
		5E470E0AC357B3F596E4E5BA /* Pods-Klotho.release.xcconfig */ = {isa = PBXFileReference; includeInIndex = 1; lastKnownFileType = text.xcconfig; name = "Pods-Klotho.release.xcconfig"; path = "Target Support Files/Pods-Klotho/Pods-Klotho.release.xcconfig"; sourceTree = "<group>"; };
		73505D78D3008908B1C0C27F /* Pods-Klotho.debug.xcconfig */ = {isa = PBXFileReference; includeInIndex = 1; lastKnownFileType = text.xcconfig; name = "Pods-Klotho.debug.xcconfig"; path = "Target Support Files/Pods-Klotho/Pods-Klotho.debug.xcconfig"; sourceTree = "<group>"; };
		78E91A56DC1078D0E70EC8FA /* Pods_Klotho.framework */ = {isa = PBXFileReference; explicitFileType = wrapper.framework; includeInIndex = 0; path = Pods_Klotho.framework; sourceTree = BUILT_PRODUCTS_DIR; };
		D54D8AE323DCB65700DD386E /* InicioDeSesionVC.swift */ = {isa = PBXFileReference; lastKnownFileType = sourcecode.swift; path = InicioDeSesionVC.swift; sourceTree = "<group>"; };
		D54D8AE523DE3E5A00DD386E /* InicioExitosoVC.swift */ = {isa = PBXFileReference; lastKnownFileType = sourcecode.swift; path = InicioExitosoVC.swift; sourceTree = "<group>"; };
		D59106AE23D2911D00B21604 /* Klotho.app */ = {isa = PBXFileReference; explicitFileType = wrapper.application; includeInIndex = 0; path = Klotho.app; sourceTree = BUILT_PRODUCTS_DIR; };
		D59106B123D2911D00B21604 /* AppDelegate.swift */ = {isa = PBXFileReference; lastKnownFileType = sourcecode.swift; path = AppDelegate.swift; sourceTree = "<group>"; };
		D59106B323D2911D00B21604 /* SceneDelegate.swift */ = {isa = PBXFileReference; lastKnownFileType = sourcecode.swift; path = SceneDelegate.swift; sourceTree = "<group>"; };
		D59106BD23D2913400B21604 /* Base */ = {isa = PBXFileReference; lastKnownFileType = file.storyboard; name = Base; path = Base.lproj/LaunchScreen.storyboard; sourceTree = "<group>"; };
		D59106BF23D2913400B21604 /* Info.plist */ = {isa = PBXFileReference; lastKnownFileType = text.plist.xml; path = Info.plist; sourceTree = "<group>"; };
		D59106C623D29F1E00B21604 /* BotonP.swift */ = {isa = PBXFileReference; fileEncoding = 4; lastKnownFileType = sourcecode.swift; path = BotonP.swift; sourceTree = "<group>"; };
		D59106C723D29F1E00B21604 /* SplitViewController.swift */ = {isa = PBXFileReference; fileEncoding = 4; lastKnownFileType = sourcecode.swift; path = SplitViewController.swift; sourceTree = "<group>"; };
		D59106C823D29F1E00B21604 /* alertaP.swift */ = {isa = PBXFileReference; fileEncoding = 4; lastKnownFileType = sourcecode.swift; path = alertaP.swift; sourceTree = "<group>"; };
		D59106C923D29F1E00B21604 /* BotonPregunta.swift */ = {isa = PBXFileReference; fileEncoding = 4; lastKnownFileType = sourcecode.swift; path = BotonPregunta.swift; sourceTree = "<group>"; };
		D59106CA23D29F1E00B21604 /* Reproductor.swift */ = {isa = PBXFileReference; fileEncoding = 4; lastKnownFileType = sourcecode.swift; path = Reproductor.swift; sourceTree = "<group>"; };
		D59106D023D29F5F00B21604 /* GlobalVariables.swift */ = {isa = PBXFileReference; fileEncoding = 4; lastKnownFileType = sourcecode.swift; path = GlobalVariables.swift; sourceTree = "<group>"; };
		D59106D323D29F6D00B21604 /* numeroDeGrabaciones.swift */ = {isa = PBXFileReference; fileEncoding = 4; lastKnownFileType = sourcecode.swift; path = numeroDeGrabaciones.swift; sourceTree = "<group>"; };
		D59106D423D29F6D00B21604 /* NotaDeVoz.swift */ = {isa = PBXFileReference; fileEncoding = 4; lastKnownFileType = sourcecode.swift; path = NotaDeVoz.swift; sourceTree = "<group>"; };
		D59106D523D29F6D00B21604 /* Musica.swift */ = {isa = PBXFileReference; fileEncoding = 4; lastKnownFileType = sourcecode.swift; path = Musica.swift; sourceTree = "<group>"; };
		D59106D623D29F6D00B21604 /* Pregunta.swift */ = {isa = PBXFileReference; fileEncoding = 4; lastKnownFileType = sourcecode.swift; path = Pregunta.swift; sourceTree = "<group>"; };
		D59106D723D29F6D00B21604 /* PreguntaVerdaderoFalso.swift */ = {isa = PBXFileReference; fileEncoding = 4; lastKnownFileType = sourcecode.swift; path = PreguntaVerdaderoFalso.swift; sourceTree = "<group>"; };
		D59106D823D29F6D00B21604 /* Materia.swift */ = {isa = PBXFileReference; fileEncoding = 4; lastKnownFileType = sourcecode.swift; path = Materia.swift; sourceTree = "<group>"; };
		D59106D923D29F6D00B21604 /* Nota.swift */ = {isa = PBXFileReference; fileEncoding = 4; lastKnownFileType = sourcecode.swift; path = Nota.swift; sourceTree = "<group>"; };
		D59106DA23D29F6D00B21604 /* cuestionario.swift */ = {isa = PBXFileReference; fileEncoding = 4; lastKnownFileType = sourcecode.swift; path = cuestionario.swift; sourceTree = "<group>"; };
		D59106E523D29F7400B21604 /* cuestionarioVC.swift */ = {isa = PBXFileReference; fileEncoding = 4; lastKnownFileType = sourcecode.swift; path = cuestionarioVC.swift; sourceTree = "<group>"; };
		D59106E623D29F7400B21604 /* SeleccionarTipoPreguntaVC.swift */ = {isa = PBXFileReference; fileEncoding = 4; lastKnownFileType = sourcecode.swift; path = SeleccionarTipoPreguntaVC.swift; sourceTree = "<group>"; };
		D59106E723D29F7400B21604 /* DetallePreguntaVC.swift */ = {isa = PBXFileReference; fileEncoding = 4; lastKnownFileType = sourcecode.swift; path = DetallePreguntaVC.swift; sourceTree = "<group>"; };
		D59106E923D29F7400B21604 /* PreguntasCuestionarioTVC.swift */ = {isa = PBXFileReference; fileEncoding = 4; lastKnownFileType = sourcecode.swift; path = PreguntasCuestionarioTVC.swift; sourceTree = "<group>"; };
		D59106EA23D29F7400B21604 /* pruebaTableViewController.swift */ = {isa = PBXFileReference; fileEncoding = 4; lastKnownFileType = sourcecode.swift; path = pruebaTableViewController.swift; sourceTree = "<group>"; };
		D59106EB23D29F7400B21604 /* CrearPreguntaVC.swift */ = {isa = PBXFileReference; fileEncoding = 4; lastKnownFileType = sourcecode.swift; path = CrearPreguntaVC.swift; sourceTree = "<group>"; };
		D59106EC23D29F7400B21604 /* CrearPreguntaVFVC.swift */ = {isa = PBXFileReference; fileEncoding = 4; lastKnownFileType = sourcecode.swift; path = CrearPreguntaVFVC.swift; sourceTree = "<group>"; };
		D59106ED23D29F7400B21604 /* InicioVC.swift */ = {isa = PBXFileReference; fileEncoding = 4; lastKnownFileType = sourcecode.swift; path = InicioVC.swift; sourceTree = "<group>"; };
		D59106EF23D29F7400B21604 /* NotasTVC.swift */ = {isa = PBXFileReference; fileEncoding = 4; lastKnownFileType = sourcecode.swift; path = NotasTVC.swift; sourceTree = "<group>"; };
		D59106F023D29F7400B21604 /* CalendarioVC.swift */ = {isa = PBXFileReference; fileEncoding = 4; lastKnownFileType = sourcecode.swift; path = CalendarioVC.swift; sourceTree = "<group>"; };
		D59106F123D29F7400B21604 /* CrearYEditarNotasYMateriasVC.swift */ = {isa = PBXFileReference; fileEncoding = 4; lastKnownFileType = sourcecode.swift; path = CrearYEditarNotasYMateriasVC.swift; sourceTree = "<group>"; };
		D59106F223D29F7400B21604 /* DetallesNotaVC.swift */ = {isa = PBXFileReference; fileEncoding = 4; lastKnownFileType = sourcecode.swift; path = DetallesNotaVC.swift; sourceTree = "<group>"; };
		D59106F323D29F7400B21604 /* MateriasCalendarioTVC.swift */ = {isa = PBXFileReference; fileEncoding = 4; lastKnownFileType = sourcecode.swift; path = MateriasCalendarioTVC.swift; sourceTree = "<group>"; };
		D59106F523D29F7400B21604 /* MateriasTVC.swift */ = {isa = PBXFileReference; fileEncoding = 4; lastKnownFileType = sourcecode.swift; path = MateriasTVC.swift; sourceTree = "<group>"; };
		D59106F623D29F7400B21604 /* DetailedActivityViewController.swift */ = {isa = PBXFileReference; fileEncoding = 4; lastKnownFileType = sourcecode.swift; path = DetailedActivityViewController.swift; sourceTree = "<group>"; };
		D59106F723D29F7400B21604 /* AjustesVC.swift */ = {isa = PBXFileReference; fileEncoding = 4; lastKnownFileType = sourcecode.swift; path = AjustesVC.swift; sourceTree = "<group>"; };
		D591073223D2A08400B21604 /* ovacion.mp3 */ = {isa = PBXFileReference; lastKnownFileType = audio.mp3; path = ovacion.mp3; sourceTree = "<group>"; };
		D591073323D2A08400B21604 /* Vivaldi.mp3 */ = {isa = PBXFileReference; lastKnownFileType = audio.mp3; path = Vivaldi.mp3; sourceTree = "<group>"; };
		D591073423D2A08400B21604 /* Johann Bach.mp3 */ = {isa = PBXFileReference; lastKnownFileType = audio.mp3; path = "Johann Bach.mp3"; sourceTree = "<group>"; };
		D591073523D2A08400B21604 /* Beethoven.mp3 */ = {isa = PBXFileReference; lastKnownFileType = audio.mp3; path = Beethoven.mp3; sourceTree = "<group>"; };
		D591073623D2A08400B21604 /* Mozart.mp3 */ = {isa = PBXFileReference; lastKnownFileType = audio.mp3; path = Mozart.mp3; sourceTree = "<group>"; };
		D591073D23D2A0CA00B21604 /* ActivityTableViewCell.swift */ = {isa = PBXFileReference; fileEncoding = 4; lastKnownFileType = sourcecode.swift; path = ActivityTableViewCell.swift; sourceTree = "<group>"; };
		D591073E23D2A0CA00B21604 /* ProjectTableViewCell.swift */ = {isa = PBXFileReference; fileEncoding = 4; lastKnownFileType = sourcecode.swift; path = ProjectTableViewCell.swift; sourceTree = "<group>"; };
		D591074123D2A15600B21604 /* Main.storyboard */ = {isa = PBXFileReference; fileEncoding = 4; lastKnownFileType = file.storyboard; path = Main.storyboard; sourceTree = "<group>"; };
		D591074323D2A34700B21604 /* Assets.xcassets */ = {isa = PBXFileReference; lastKnownFileType = folder.assetcatalog; path = Assets.xcassets; sourceTree = "<group>"; };
		D5B2E32423D2B7E400A939D8 /* GoogleService-Info.plist */ = {isa = PBXFileReference; fileEncoding = 4; lastKnownFileType = text.plist.xml; path = "GoogleService-Info.plist"; sourceTree = "<group>"; };
		F8167ECE23E1188500CB31A6 /* MateriasCuestionarioTVC.swift */ = {isa = PBXFileReference; lastKnownFileType = sourcecode.swift; path = MateriasCuestionarioTVC.swift; sourceTree = "<group>"; };
/* End PBXFileReference section */

/* Begin PBXFrameworksBuildPhase section */
		D59106AB23D2911D00B21604 /* Frameworks */ = {
			isa = PBXFrameworksBuildPhase;
			buildActionMask = 2147483647;
			files = (
				B59E56296F7FC069DB228DF5 /* Pods_Klotho.framework in Frameworks */,
			);
			runOnlyForDeploymentPostprocessing = 0;
		};
/* End PBXFrameworksBuildPhase section */

/* Begin PBXGroup section */
		3785853B7301341641358EE8 /* Pods */ = {
			isa = PBXGroup;
			children = (
				73505D78D3008908B1C0C27F /* Pods-Klotho.debug.xcconfig */,
				5E470E0AC357B3F596E4E5BA /* Pods-Klotho.release.xcconfig */,
			);
			path = Pods;
			sourceTree = "<group>";
		};
		904E4A4696633DA6380836F1 /* Frameworks */ = {
			isa = PBXGroup;
			children = (
				78E91A56DC1078D0E70EC8FA /* Pods_Klotho.framework */,
			);
			name = Frameworks;
			sourceTree = "<group>";
		};
		D59106A523D2911D00B21604 = {
			isa = PBXGroup;
			children = (
				D59106B023D2911D00B21604 /* Klotho */,
				D59106AF23D2911D00B21604 /* Products */,
				3785853B7301341641358EE8 /* Pods */,
				904E4A4696633DA6380836F1 /* Frameworks */,
			);
			sourceTree = "<group>";
		};
		D59106AF23D2911D00B21604 /* Products */ = {
			isa = PBXGroup;
			children = (
				D59106AE23D2911D00B21604 /* Klotho.app */,
			);
			name = Products;
			sourceTree = "<group>";
		};
		D59106B023D2911D00B21604 /* Klotho */ = {
			isa = PBXGroup;
			children = (
				D59106B123D2911D00B21604 /* AppDelegate.swift */,
				D59106B323D2911D00B21604 /* SceneDelegate.swift */,
				D59106D023D29F5F00B21604 /* GlobalVariables.swift */,
				D59106C523D29F1E00B21604 /* UI */,
				D59106D223D29F6D00B21604 /* Realm Model */,
				D59106E323D29F7400B21604 /* view controllers */,
				D591073123D2A08400B21604 /* Musica */,
				D591073C23D2A0CA00B21604 /* tableViewCell */,
				D59106BC23D2913400B21604 /* LaunchScreen.storyboard */,
				D591074123D2A15600B21604 /* Main.storyboard */,
				D591074323D2A34700B21604 /* Assets.xcassets */,
				D5B2E32423D2B7E400A939D8 /* GoogleService-Info.plist */,
				D59106BF23D2913400B21604 /* Info.plist */,
			);
			path = Klotho;
			sourceTree = "<group>";
		};
		D59106C523D29F1E00B21604 /* UI */ = {
			isa = PBXGroup;
			children = (
				D59106C623D29F1E00B21604 /* BotonP.swift */,
				D59106C723D29F1E00B21604 /* SplitViewController.swift */,
				D59106C823D29F1E00B21604 /* alertaP.swift */,
				D59106C923D29F1E00B21604 /* BotonPregunta.swift */,
				D59106CA23D29F1E00B21604 /* Reproductor.swift */,
			);
			path = UI;
			sourceTree = "<group>";
		};
		D59106D223D29F6D00B21604 /* Realm Model */ = {
			isa = PBXGroup;
			children = (
				D59106D323D29F6D00B21604 /* numeroDeGrabaciones.swift */,
				D59106D423D29F6D00B21604 /* NotaDeVoz.swift */,
				D59106D523D29F6D00B21604 /* Musica.swift */,
				D59106D623D29F6D00B21604 /* Pregunta.swift */,
				D59106D723D29F6D00B21604 /* PreguntaVerdaderoFalso.swift */,
				D59106D823D29F6D00B21604 /* Materia.swift */,
				D59106D923D29F6D00B21604 /* Nota.swift */,
				D59106DA23D29F6D00B21604 /* cuestionario.swift */,
			);
			path = "Realm Model";
			sourceTree = "<group>";
		};
		D59106E323D29F7400B21604 /* view controllers */ = {
			isa = PBXGroup;
			children = (
				D59106ED23D29F7400B21604 /* InicioVC.swift */,
				D59106F723D29F7400B21604 /* AjustesVC.swift */,
				D54D8AE323DCB65700DD386E /* InicioDeSesionVC.swift */,
				D54D8AE523DE3E5A00DD386E /* InicioExitosoVC.swift */,
				D59106E423D29F7400B21604 /* Cuestionario */,
				D59106EE23D29F7400B21604 /* Notas */,
			);
			path = "view controllers";
			sourceTree = "<group>";
		};
		D59106E423D29F7400B21604 /* Cuestionario */ = {
			isa = PBXGroup;
			children = (
				D59106E523D29F7400B21604 /* cuestionarioVC.swift */,
				D59106E623D29F7400B21604 /* SeleccionarTipoPreguntaVC.swift */,
				D59106E723D29F7400B21604 /* DetallePreguntaVC.swift */,
				D59106E923D29F7400B21604 /* PreguntasCuestionarioTVC.swift */,
				F8167ECE23E1188500CB31A6 /* MateriasCuestionarioTVC.swift */,
				D59106EA23D29F7400B21604 /* pruebaTableViewController.swift */,
				D59106EB23D29F7400B21604 /* CrearPreguntaVC.swift */,
				D59106EC23D29F7400B21604 /* CrearPreguntaVFVC.swift */,
			);
			path = Cuestionario;
			sourceTree = "<group>";
		};
		D59106EE23D29F7400B21604 /* Notas */ = {
			isa = PBXGroup;
			children = (
				D59106EF23D29F7400B21604 /* NotasTVC.swift */,
				D59106F023D29F7400B21604 /* CalendarioVC.swift */,
				D59106F123D29F7400B21604 /* CrearYEditarNotasYMateriasVC.swift */,
				D59106F223D29F7400B21604 /* DetallesNotaVC.swift */,
				D59106F323D29F7400B21604 /* MateriasCalendarioTVC.swift */,
				D59106F523D29F7400B21604 /* MateriasTVC.swift */,
				D59106F623D29F7400B21604 /* DetailedActivityViewController.swift */,
			);
			path = Notas;
			sourceTree = "<group>";
		};
		D591073123D2A08400B21604 /* Musica */ = {
			isa = PBXGroup;
			children = (
				D591073223D2A08400B21604 /* ovacion.mp3 */,
				D591073323D2A08400B21604 /* Vivaldi.mp3 */,
				D591073423D2A08400B21604 /* Johann Bach.mp3 */,
				D591073523D2A08400B21604 /* Beethoven.mp3 */,
				D591073623D2A08400B21604 /* Mozart.mp3 */,
			);
			path = Musica;
			sourceTree = "<group>";
		};
		D591073C23D2A0CA00B21604 /* tableViewCell */ = {
			isa = PBXGroup;
			children = (
				D591073D23D2A0CA00B21604 /* ActivityTableViewCell.swift */,
				D591073E23D2A0CA00B21604 /* ProjectTableViewCell.swift */,
			);
			path = tableViewCell;
			sourceTree = "<group>";
		};
/* End PBXGroup section */

/* Begin PBXNativeTarget section */
		D59106AD23D2911D00B21604 /* Klotho */ = {
			isa = PBXNativeTarget;
			buildConfigurationList = D59106C223D2913400B21604 /* Build configuration list for PBXNativeTarget "Klotho" */;
			buildPhases = (
				6FC6AF0841CB47E06E3E9037 /* [CP] Check Pods Manifest.lock */,
				D59106AA23D2911D00B21604 /* Sources */,
				D59106AB23D2911D00B21604 /* Frameworks */,
				D59106AC23D2911D00B21604 /* Resources */,
				4E8CA0C51DE706389D16B8A7 /* [CP] Embed Pods Frameworks */,
				7254326F4D0DDC18AEBE3E93 /* [CP] Copy Pods Resources */,
			);
			buildRules = (
			);
			dependencies = (
			);
			name = Klotho;
			productName = Klotho;
			productReference = D59106AE23D2911D00B21604 /* Klotho.app */;
			productType = "com.apple.product-type.application";
		};
/* End PBXNativeTarget section */

/* Begin PBXProject section */
		D59106A623D2911D00B21604 /* Project object */ = {
			isa = PBXProject;
			attributes = {
				LastSwiftUpdateCheck = 1130;
				LastUpgradeCheck = 1130;
				ORGANIZATIONNAME = "Pietro Pablo Producciones";
				TargetAttributes = {
					D59106AD23D2911D00B21604 = {
						CreatedOnToolsVersion = 11.3;
					};
				};
			};
			buildConfigurationList = D59106A923D2911D00B21604 /* Build configuration list for PBXProject "Klotho" */;
			compatibilityVersion = "Xcode 9.3";
			developmentRegion = en;
			hasScannedForEncodings = 0;
			knownRegions = (
				en,
				Base,
			);
			mainGroup = D59106A523D2911D00B21604;
			productRefGroup = D59106AF23D2911D00B21604 /* Products */;
			projectDirPath = "";
			projectRoot = "";
			targets = (
				D59106AD23D2911D00B21604 /* Klotho */,
			);
		};
/* End PBXProject section */

/* Begin PBXResourcesBuildPhase section */
		D59106AC23D2911D00B21604 /* Resources */ = {
			isa = PBXResourcesBuildPhase;
			buildActionMask = 2147483647;
			files = (
				D591073723D2A08400B21604 /* ovacion.mp3 in Resources */,
				D591073923D2A08400B21604 /* Johann Bach.mp3 in Resources */,
				D5B2E32523D2B7E500A939D8 /* GoogleService-Info.plist in Resources */,
				D59106BE23D2913400B21604 /* LaunchScreen.storyboard in Resources */,
				D591073823D2A08400B21604 /* Vivaldi.mp3 in Resources */,
				D591073B23D2A08400B21604 /* Mozart.mp3 in Resources */,
				D591074223D2A15600B21604 /* Main.storyboard in Resources */,
				D591074423D2A34700B21604 /* Assets.xcassets in Resources */,
				D591073A23D2A08400B21604 /* Beethoven.mp3 in Resources */,
			);
			runOnlyForDeploymentPostprocessing = 0;
		};
/* End PBXResourcesBuildPhase section */

/* Begin PBXShellScriptBuildPhase section */
		4E8CA0C51DE706389D16B8A7 /* [CP] Embed Pods Frameworks */ = {
			isa = PBXShellScriptBuildPhase;
			buildActionMask = 2147483647;
			files = (
			);
			inputFileListPaths = (
				"${PODS_ROOT}/Target Support Files/Pods-Klotho/Pods-Klotho-frameworks-${CONFIGURATION}-input-files.xcfilelist",
			);
			name = "[CP] Embed Pods Frameworks";
			outputFileListPaths = (
				"${PODS_ROOT}/Target Support Files/Pods-Klotho/Pods-Klotho-frameworks-${CONFIGURATION}-output-files.xcfilelist",
			);
			runOnlyForDeploymentPostprocessing = 0;
			shellPath = /bin/sh;
			shellScript = "\"${PODS_ROOT}/Target Support Files/Pods-Klotho/Pods-Klotho-frameworks.sh\"\n";
			showEnvVarsInLog = 0;
		};
		6FC6AF0841CB47E06E3E9037 /* [CP] Check Pods Manifest.lock */ = {
			isa = PBXShellScriptBuildPhase;
			buildActionMask = 2147483647;
			files = (
			);
			inputFileListPaths = (
			);
			inputPaths = (
				"${PODS_PODFILE_DIR_PATH}/Podfile.lock",
				"${PODS_ROOT}/Manifest.lock",
			);
			name = "[CP] Check Pods Manifest.lock";
			outputFileListPaths = (
			);
			outputPaths = (
				"$(DERIVED_FILE_DIR)/Pods-Klotho-checkManifestLockResult.txt",
			);
			runOnlyForDeploymentPostprocessing = 0;
			shellPath = /bin/sh;
			shellScript = "diff \"${PODS_PODFILE_DIR_PATH}/Podfile.lock\" \"${PODS_ROOT}/Manifest.lock\" > /dev/null\nif [ $? != 0 ] ; then\n    # print error to STDERR\n    echo \"error: The sandbox is not in sync with the Podfile.lock. Run 'pod install' or update your CocoaPods installation.\" >&2\n    exit 1\nfi\n# This output is used by Xcode 'outputs' to avoid re-running this script phase.\necho \"SUCCESS\" > \"${SCRIPT_OUTPUT_FILE_0}\"\n";
			showEnvVarsInLog = 0;
		};
		7254326F4D0DDC18AEBE3E93 /* [CP] Copy Pods Resources */ = {
			isa = PBXShellScriptBuildPhase;
			buildActionMask = 2147483647;
			files = (
			);
			inputFileListPaths = (
				"${PODS_ROOT}/Target Support Files/Pods-Klotho/Pods-Klotho-resources-${CONFIGURATION}-input-files.xcfilelist",
			);
			name = "[CP] Copy Pods Resources";
			outputFileListPaths = (
				"${PODS_ROOT}/Target Support Files/Pods-Klotho/Pods-Klotho-resources-${CONFIGURATION}-output-files.xcfilelist",
			);
			runOnlyForDeploymentPostprocessing = 0;
			shellPath = /bin/sh;
			shellScript = "\"${PODS_ROOT}/Target Support Files/Pods-Klotho/Pods-Klotho-resources.sh\"\n";
			showEnvVarsInLog = 0;
		};
/* End PBXShellScriptBuildPhase section */

/* Begin PBXSourcesBuildPhase section */
		D59106AA23D2911D00B21604 /* Sources */ = {
			isa = PBXSourcesBuildPhase;
			buildActionMask = 2147483647;
			files = (
				D59106CC23D29F1E00B21604 /* SplitViewController.swift in Sources */,
				D591070023D29F7400B21604 /* InicioVC.swift in Sources */,
				D59106DB23D29F6D00B21604 /* numeroDeGrabaciones.swift in Sources */,
				D59106FC23D29F7400B21604 /* PreguntasCuestionarioTVC.swift in Sources */,
				D59106E223D29F6D00B21604 /* cuestionario.swift in Sources */,
				D591070823D29F7400B21604 /* DetailedActivityViewController.swift in Sources */,
				D59106E023D29F6D00B21604 /* Materia.swift in Sources */,
				F8167ECF23E1188500CB31A6 /* MateriasCuestionarioTVC.swift in Sources */,
				D59106DF23D29F6D00B21604 /* PreguntaVerdaderoFalso.swift in Sources */,
				D591070323D29F7400B21604 /* CrearYEditarNotasYMateriasVC.swift in Sources */,
				D59106DC23D29F6D00B21604 /* NotaDeVoz.swift in Sources */,
				D59106F823D29F7400B21604 /* cuestionarioVC.swift in Sources */,
				D59106CB23D29F1E00B21604 /* BotonP.swift in Sources */,
				D59106FD23D29F7400B21604 /* pruebaTableViewController.swift in Sources */,
				D591070123D29F7400B21604 /* NotasTVC.swift in Sources */,
				D59106E123D29F6D00B21604 /* Nota.swift in Sources */,
				D54D8AE423DCB65700DD386E /* InicioDeSesionVC.swift in Sources */,
				D59106DD23D29F6D00B21604 /* Musica.swift in Sources */,
				D591070423D29F7400B21604 /* DetallesNotaVC.swift in Sources */,
				D59106D123D29F5F00B21604 /* GlobalVariables.swift in Sources */,
				D591074023D2A0CA00B21604 /* ProjectTableViewCell.swift in Sources */,
				D59106B223D2911D00B21604 /* AppDelegate.swift in Sources */,
				D59106F923D29F7400B21604 /* SeleccionarTipoPreguntaVC.swift in Sources */,
				D59106B423D2911D00B21604 /* SceneDelegate.swift in Sources */,
				D59106CF23D29F1E00B21604 /* Reproductor.swift in Sources */,
				D59106FA23D29F7400B21604 /* DetallePreguntaVC.swift in Sources */,
				D591070923D29F7400B21604 /* AjustesVC.swift in Sources */,
				D59106DE23D29F6D00B21604 /* Pregunta.swift in Sources */,
				D59106FE23D29F7400B21604 /* CrearPreguntaVC.swift in Sources */,
				D591070723D29F7400B21604 /* MateriasTVC.swift in Sources */,
				D59106FF23D29F7400B21604 /* CrearPreguntaVFVC.swift in Sources */,
				D591070223D29F7400B21604 /* CalendarioVC.swift in Sources */,
				D591070523D29F7400B21604 /* MateriasCalendarioTVC.swift in Sources */,
				D54D8AE623DE3E5A00DD386E /* InicioExitosoVC.swift in Sources */,
				D59106CE23D29F1E00B21604 /* BotonPregunta.swift in Sources */,
				D591073F23D2A0CA00B21604 /* ActivityTableViewCell.swift in Sources */,
				D59106CD23D29F1E00B21604 /* alertaP.swift in Sources */,
			);
			runOnlyForDeploymentPostprocessing = 0;
		};
/* End PBXSourcesBuildPhase section */

/* Begin PBXVariantGroup section */
		D59106BC23D2913400B21604 /* LaunchScreen.storyboard */ = {
			isa = PBXVariantGroup;
			children = (
				D59106BD23D2913400B21604 /* Base */,
			);
			name = LaunchScreen.storyboard;
			sourceTree = "<group>";
		};
/* End PBXVariantGroup section */

/* Begin XCBuildConfiguration section */
		D59106C023D2913400B21604 /* Debug */ = {
			isa = XCBuildConfiguration;
			buildSettings = {
				ALWAYS_SEARCH_USER_PATHS = NO;
				CLANG_ANALYZER_NONNULL = YES;
				CLANG_ANALYZER_NUMBER_OBJECT_CONVERSION = YES_AGGRESSIVE;
				CLANG_CXX_LANGUAGE_STANDARD = "gnu++14";
				CLANG_CXX_LIBRARY = "libc++";
				CLANG_ENABLE_MODULES = YES;
				CLANG_ENABLE_OBJC_ARC = YES;
				CLANG_ENABLE_OBJC_WEAK = YES;
				CLANG_WARN_BLOCK_CAPTURE_AUTORELEASING = YES;
				CLANG_WARN_BOOL_CONVERSION = YES;
				CLANG_WARN_COMMA = YES;
				CLANG_WARN_CONSTANT_CONVERSION = YES;
				CLANG_WARN_DEPRECATED_OBJC_IMPLEMENTATIONS = YES;
				CLANG_WARN_DIRECT_OBJC_ISA_USAGE = YES_ERROR;
				CLANG_WARN_DOCUMENTATION_COMMENTS = YES;
				CLANG_WARN_EMPTY_BODY = YES;
				CLANG_WARN_ENUM_CONVERSION = YES;
				CLANG_WARN_INFINITE_RECURSION = YES;
				CLANG_WARN_INT_CONVERSION = YES;
				CLANG_WARN_NON_LITERAL_NULL_CONVERSION = YES;
				CLANG_WARN_OBJC_IMPLICIT_RETAIN_SELF = YES;
				CLANG_WARN_OBJC_LITERAL_CONVERSION = YES;
				CLANG_WARN_OBJC_ROOT_CLASS = YES_ERROR;
				CLANG_WARN_RANGE_LOOP_ANALYSIS = YES;
				CLANG_WARN_STRICT_PROTOTYPES = YES;
				CLANG_WARN_SUSPICIOUS_MOVE = YES;
				CLANG_WARN_UNGUARDED_AVAILABILITY = YES_AGGRESSIVE;
				CLANG_WARN_UNREACHABLE_CODE = YES;
				CLANG_WARN__DUPLICATE_METHOD_MATCH = YES;
				COPY_PHASE_STRIP = NO;
				DEBUG_INFORMATION_FORMAT = dwarf;
				ENABLE_STRICT_OBJC_MSGSEND = YES;
				ENABLE_TESTABILITY = YES;
				GCC_C_LANGUAGE_STANDARD = gnu11;
				GCC_DYNAMIC_NO_PIC = NO;
				GCC_NO_COMMON_BLOCKS = YES;
				GCC_OPTIMIZATION_LEVEL = 0;
				GCC_PREPROCESSOR_DEFINITIONS = (
					"DEBUG=1",
					"$(inherited)",
				);
				GCC_WARN_64_TO_32_BIT_CONVERSION = YES;
				GCC_WARN_ABOUT_RETURN_TYPE = YES_ERROR;
				GCC_WARN_UNDECLARED_SELECTOR = YES;
				GCC_WARN_UNINITIALIZED_AUTOS = YES_AGGRESSIVE;
				GCC_WARN_UNUSED_FUNCTION = YES;
				GCC_WARN_UNUSED_VARIABLE = YES;
				IPHONEOS_DEPLOYMENT_TARGET = 13.2;
				MTL_ENABLE_DEBUG_INFO = INCLUDE_SOURCE;
				MTL_FAST_MATH = YES;
				ONLY_ACTIVE_ARCH = YES;
				SDKROOT = iphoneos;
				SWIFT_ACTIVE_COMPILATION_CONDITIONS = DEBUG;
				SWIFT_OPTIMIZATION_LEVEL = "-Onone";
			};
			name = Debug;
		};
		D59106C123D2913400B21604 /* Release */ = {
			isa = XCBuildConfiguration;
			buildSettings = {
				ALWAYS_SEARCH_USER_PATHS = NO;
				CLANG_ANALYZER_NONNULL = YES;
				CLANG_ANALYZER_NUMBER_OBJECT_CONVERSION = YES_AGGRESSIVE;
				CLANG_CXX_LANGUAGE_STANDARD = "gnu++14";
				CLANG_CXX_LIBRARY = "libc++";
				CLANG_ENABLE_MODULES = YES;
				CLANG_ENABLE_OBJC_ARC = YES;
				CLANG_ENABLE_OBJC_WEAK = YES;
				CLANG_WARN_BLOCK_CAPTURE_AUTORELEASING = YES;
				CLANG_WARN_BOOL_CONVERSION = YES;
				CLANG_WARN_COMMA = YES;
				CLANG_WARN_CONSTANT_CONVERSION = YES;
				CLANG_WARN_DEPRECATED_OBJC_IMPLEMENTATIONS = YES;
				CLANG_WARN_DIRECT_OBJC_ISA_USAGE = YES_ERROR;
				CLANG_WARN_DOCUMENTATION_COMMENTS = YES;
				CLANG_WARN_EMPTY_BODY = YES;
				CLANG_WARN_ENUM_CONVERSION = YES;
				CLANG_WARN_INFINITE_RECURSION = YES;
				CLANG_WARN_INT_CONVERSION = YES;
				CLANG_WARN_NON_LITERAL_NULL_CONVERSION = YES;
				CLANG_WARN_OBJC_IMPLICIT_RETAIN_SELF = YES;
				CLANG_WARN_OBJC_LITERAL_CONVERSION = YES;
				CLANG_WARN_OBJC_ROOT_CLASS = YES_ERROR;
				CLANG_WARN_RANGE_LOOP_ANALYSIS = YES;
				CLANG_WARN_STRICT_PROTOTYPES = YES;
				CLANG_WARN_SUSPICIOUS_MOVE = YES;
				CLANG_WARN_UNGUARDED_AVAILABILITY = YES_AGGRESSIVE;
				CLANG_WARN_UNREACHABLE_CODE = YES;
				CLANG_WARN__DUPLICATE_METHOD_MATCH = YES;
				COPY_PHASE_STRIP = NO;
				DEBUG_INFORMATION_FORMAT = "dwarf-with-dsym";
				ENABLE_NS_ASSERTIONS = NO;
				ENABLE_STRICT_OBJC_MSGSEND = YES;
				GCC_C_LANGUAGE_STANDARD = gnu11;
				GCC_NO_COMMON_BLOCKS = YES;
				GCC_WARN_64_TO_32_BIT_CONVERSION = YES;
				GCC_WARN_ABOUT_RETURN_TYPE = YES_ERROR;
				GCC_WARN_UNDECLARED_SELECTOR = YES;
				GCC_WARN_UNINITIALIZED_AUTOS = YES_AGGRESSIVE;
				GCC_WARN_UNUSED_FUNCTION = YES;
				GCC_WARN_UNUSED_VARIABLE = YES;
				IPHONEOS_DEPLOYMENT_TARGET = 13.2;
				MTL_ENABLE_DEBUG_INFO = NO;
				MTL_FAST_MATH = YES;
				SDKROOT = iphoneos;
				SWIFT_COMPILATION_MODE = wholemodule;
				SWIFT_OPTIMIZATION_LEVEL = "-O";
				VALIDATE_PRODUCT = YES;
			};
			name = Release;
		};
		D59106C323D2913400B21604 /* Debug */ = {
			isa = XCBuildConfiguration;
			baseConfigurationReference = 73505D78D3008908B1C0C27F /* Pods-Klotho.debug.xcconfig */;
			buildSettings = {
				ASSETCATALOG_COMPILER_APPICON_NAME = AppIcon;
				CODE_SIGN_STYLE = Automatic;
				DEVELOPMENT_TEAM = A58FUPP7S2;
				INFOPLIST_FILE = Klotho/Info.plist;
				LD_RUNPATH_SEARCH_PATHS = (
					"$(inherited)",
					"@executable_path/Frameworks",
				);
				PRODUCT_BUNDLE_IDENTIFIER = pabloypietro.prods.Klotho;
				PRODUCT_NAME = "$(TARGET_NAME)";
				SWIFT_VERSION = 5.0;
				TARGETED_DEVICE_FAMILY = "1,2";
			};
			name = Debug;
		};
		D59106C423D2913400B21604 /* Release */ = {
			isa = XCBuildConfiguration;
			baseConfigurationReference = 5E470E0AC357B3F596E4E5BA /* Pods-Klotho.release.xcconfig */;
			buildSettings = {
				ASSETCATALOG_COMPILER_APPICON_NAME = AppIcon;
				CODE_SIGN_STYLE = Automatic;
				DEVELOPMENT_TEAM = A58FUPP7S2;
				INFOPLIST_FILE = Klotho/Info.plist;
				LD_RUNPATH_SEARCH_PATHS = (
					"$(inherited)",
					"@executable_path/Frameworks",
				);
				PRODUCT_BUNDLE_IDENTIFIER = pabloypietro.prods.Klotho;
				PRODUCT_NAME = "$(TARGET_NAME)";
				SWIFT_VERSION = 5.0;
				TARGETED_DEVICE_FAMILY = "1,2";
			};
			name = Release;
		};
/* End XCBuildConfiguration section */

/* Begin XCConfigurationList section */
		D59106A923D2911D00B21604 /* Build configuration list for PBXProject "Klotho" */ = {
			isa = XCConfigurationList;
			buildConfigurations = (
				D59106C023D2913400B21604 /* Debug */,
				D59106C123D2913400B21604 /* Release */,
			);
			defaultConfigurationIsVisible = 0;
			defaultConfigurationName = Release;
		};
		D59106C223D2913400B21604 /* Build configuration list for PBXNativeTarget "Klotho" */ = {
			isa = XCConfigurationList;
			buildConfigurations = (
				D59106C323D2913400B21604 /* Debug */,
				D59106C423D2913400B21604 /* Release */,
			);
			defaultConfigurationIsVisible = 0;
			defaultConfigurationName = Release;
		};
/* End XCConfigurationList section */
	};
	rootObject = D59106A623D2911D00B21604 /* Project object */;
}
